
Microsoft Visual Studio Solution File, Format Version 12.00
# Visual Studio 15
VisualStudioVersion = 15.0.28307.329
MinimumVisualStudioVersion = 10.0.40219.1
Project("{FAE04EC0-301F-11D3-BF4B-00C04F79EFBC}") = "pv03_1704834_MuhammadIkhsanNF", "pv03_1704834_MuhammadIkhsanNF\pv03_1704834_MuhammadIkhsanNF.csproj", "{9E751090-E180-432D-B971-82C11D7A92B7}"
EndProject
Global
	GlobalSection(SolutionConfigurationPlatforms) = preSolution
		Debug|Any CPU = Debug|Any CPU
		Release|Any CPU = Release|Any CPU
	EndGlobalSection
	GlobalSection(ProjectConfigurationPlatforms) = postSolution
		{9E751090-E180-432D-B971-82C11D7A92B7}.Debug|Any CPU.ActiveCfg = Debug|Any CPU
		{9E751090-E180-432D-B971-82C11D7A92B7}.Debug|Any CPU.Build.0 = Debug|Any CPU
		{9E751090-E180-432D-B971-82C11D7A92B7}.Release|Any CPU.ActiveCfg = Release|Any CPU
		{9E751090-E180-432D-B971-82C11D7A92B7}.Release|Any CPU.Build.0 = Release|Any CPU
	EndGlobalSection
	GlobalSection(SolutionProperties) = preSolution
		HideSolutionNode = FALSE
	EndGlobalSection
	GlobalSection(ExtensibilityGlobals) = postSolution
		SolutionGuid = {7FEBB50F-39FA-4915-9677-8D4AB8007347}
	EndGlobalSection
EndGlobal
